
Microsoft Visual Studio Solution File, Format Version 12.00
# Visual Studio Version 17
VisualStudioVersion = 17.11.35222.181
MinimumVisualStudioVersion = 10.0.40219.1
Project("{FAE04EC0-301F-11D3-BF4B-00C04F79EFBC}") = "BasicBlazorMovieApp", "BasicBlazorMovieApp\BasicBlazorMovieApp.csproj", "{FF5830F1-57AD-4321-89B9-431124675624}"
EndProject
Global
	GlobalSection(SolutionConfigurationPlatforms) = preSolution
		Debug|Any CPU = Debug|Any CPU
		Release|Any CPU = Release|Any CPU
	EndGlobalSection
	GlobalSection(ProjectConfigurationPlatforms) = postSolution
		{FF5830F1-57AD-4321-89B9-431124675624}.Debug|Any CPU.ActiveCfg = Debug|Any CPU
		{FF5830F1-57AD-4321-89B9-431124675624}.Debug|Any CPU.Build.0 = Debug|Any CPU
		{FF5830F1-57AD-4321-89B9-431124675624}.Release|Any CPU.ActiveCfg = Release|Any CPU
		{FF5830F1-57AD-4321-89B9-431124675624}.Release|Any CPU.Build.0 = Release|Any CPU
	EndGlobalSection
	GlobalSection(SolutionProperties) = preSolution
		HideSolutionNode = FALSE
	EndGlobalSection
	GlobalSection(ExtensibilityGlobals) = postSolution
		SolutionGuid = {C81ECF06-6540-4F59-856F-28005FB8A5B1}
	EndGlobalSection
EndGlobal
